
Microsoft Visual Studio Solution File, Format Version 12.00
# Visual Studio Version 16
VisualStudioVersion = 16.0.32802.440
MinimumVisualStudioVersion = 10.0.40219.1
Project("{FAE04EC0-301F-11D3-BF4B-00C04F79EFBC}") = "ProjectCheckSum", "ProjectCheckSum\ProjectCheckSum.csproj", "{9B98B515-C9A6-44D8-B865-C07A0D557A6C}"
EndProject
Global
	GlobalSection(SolutionConfigurationPlatforms) = preSolution
		Debug|Any CPU = Debug|Any CPU
		Release|Any CPU = Release|Any CPU
	EndGlobalSection
	GlobalSection(ProjectConfigurationPlatforms) = postSolution
		{9B98B515-C9A6-44D8-B865-C07A0D557A6C}.Debug|Any CPU.ActiveCfg = Debug|Any CPU
		{9B98B515-C9A6-44D8-B865-C07A0D557A6C}.Debug|Any CPU.Build.0 = Debug|Any CPU
		{9B98B515-C9A6-44D8-B865-C07A0D557A6C}.Release|Any CPU.ActiveCfg = Release|Any CPU
		{9B98B515-C9A6-44D8-B865-C07A0D557A6C}.Release|Any CPU.Build.0 = Release|Any CPU
	EndGlobalSection
	GlobalSection(SolutionProperties) = preSolution
		HideSolutionNode = FALSE
	EndGlobalSection
	GlobalSection(ExtensibilityGlobals) = postSolution
		SolutionGuid = {45BD7477-0BC4-477A-80EF-6CFC1CD1A07D}
	EndGlobalSection
EndGlobal
